
Microsoft Visual Studio Solution File, Format Version 12.00
# Visual Studio Version 16
VisualStudioVersion = 16.0.31702.278
MinimumVisualStudioVersion = 10.0.40219.1
Project("{FAE04EC0-301F-11D3-BF4B-00C04F79EFBC}") = "Product.App", "Product.App\Product.App.csproj", "{707804A4-6F4B-4E01-A4B3-9EE2174BCFAB}"
EndProject
Global
	GlobalSection(SolutionConfigurationPlatforms) = preSolution
		Debug|Any CPU = Debug|Any CPU
		Release|Any CPU = Release|Any CPU
	EndGlobalSection
	GlobalSection(ProjectConfigurationPlatforms) = postSolution
		{707804A4-6F4B-4E01-A4B3-9EE2174BCFAB}.Debug|Any CPU.ActiveCfg = Debug|Any CPU
		{707804A4-6F4B-4E01-A4B3-9EE2174BCFAB}.Debug|Any CPU.Build.0 = Debug|Any CPU
		{707804A4-6F4B-4E01-A4B3-9EE2174BCFAB}.Release|Any CPU.ActiveCfg = Release|Any CPU
		{707804A4-6F4B-4E01-A4B3-9EE2174BCFAB}.Release|Any CPU.Build.0 = Release|Any CPU
	EndGlobalSection
	GlobalSection(SolutionProperties) = preSolution
		HideSolutionNode = FALSE
	EndGlobalSection
	GlobalSection(ExtensibilityGlobals) = postSolution
		SolutionGuid = {00D4D4D5-5EA2-4EBD-80F6-9F5C0C78F4F3}
	EndGlobalSection
EndGlobal
